
Microsoft Visual Studio Solution File, Format Version 12.00
# Visual Studio 2012
Project("{8BC9CEB8-8B4A-11D0-8D11-00A0C91BC942}") = "Reactor", "Reactor.vcxproj", "{068E0E90-97F2-4F96-ADBC-3ECD32FD878C}"
EndProject
Project("{8BC9CEB8-8B4A-11D0-8D11-00A0C91BC942}") = "Test", "test\Test.vcxproj", "{92E7A55F-1A51-4484-B6FD-1C0070106430}"
EndProject
Global
	GlobalSection(SolutionConfigurationPlatforms) = preSolution
		Debug|Win32 = Debug|Win32
		Release|Win32 = Release|Win32
	EndGlobalSection
	GlobalSection(ProjectConfigurationPlatforms) = postSolution
		{068E0E90-97F2-4F96-ADBC-3ECD32FD878C}.Debug|Win32.ActiveCfg = Debug|Win32
		{068E0E90-97F2-4F96-ADBC-3ECD32FD878C}.Debug|Win32.Build.0 = Debug|Win32
		{068E0E90-97F2-4F96-ADBC-3ECD32FD878C}.Release|Win32.ActiveCfg = Release|Win32
		{068E0E90-97F2-4F96-ADBC-3ECD32FD878C}.Release|Win32.Build.0 = Release|Win32
		{92E7A55F-1A51-4484-B6FD-1C0070106430}.Debug|Win32.ActiveCfg = Debug|Win32
		{92E7A55F-1A51-4484-B6FD-1C0070106430}.Debug|Win32.Build.0 = Debug|Win32
		{92E7A55F-1A51-4484-B6FD-1C0070106430}.Release|Win32.ActiveCfg = Release|Win32
		{92E7A55F-1A51-4484-B6FD-1C0070106430}.Release|Win32.Build.0 = Release|Win32
	EndGlobalSection
	GlobalSection(SolutionProperties) = preSolution
		HideSolutionNode = FALSE
	EndGlobalSection
EndGlobal
